{
  "name": "mbaremarketplace",
  "version": "1.0.0",
  "description": "Scraper and API integration for Be Forward vehicle listings",
  "main": "scripts/scrape.js",
  "scripts": {
    "scrape": "node scripts/scrape.js"
  },
  "dependencies": {
    "@supabase/supabase-js": "^2.48.0",
    "cheerio": "^1.0.0"
  },
  "type": "commonjs"
}
